{
  "version": "2",
  "remote": {
    "https://deno.land/std@0.170.0/_util/asserts.ts": "d0844e9b62510f89ce1f9878b046f6a57bf88f208a10304aab50efcb48365272",
    "https://deno.land/std@0.170.0/_util/os.ts": "8a33345f74990e627b9dfe2de9b040004b08ea5146c7c9e8fe9a29070d193934",
    "https://deno.land/std@0.170.0/path/_constants.ts": "df1db3ffa6dd6d1252cc9617e5d72165cd2483df90e93833e13580687b6083c3",
    "https://deno.land/std@0.170.0/path/_interface.ts": "ee3b431a336b80cf445441109d089b70d87d5e248f4f90ff906820889ecf8d09",
    "https://deno.land/std@0.170.0/path/_util.ts": "d16be2a16e1204b65f9d0dfc54a9bc472cafe5f4a190b3c8471ec2016ccd1677",
    "https://deno.land/std@0.170.0/path/common.ts": "bee563630abd2d97f99d83c96c2fa0cca7cee103e8cb4e7699ec4d5db7bd2633",
    "https://deno.land/std@0.170.0/path/glob.ts": "81cc6c72be002cd546c7a22d1f263f82f63f37fe0035d9726aa96fc8f6e4afa1",
    "https://deno.land/std@0.170.0/path/mod.ts": "cf7cec7ac11b7048bb66af8ae03513e66595c279c65cfa12bfc07d9599608b78",
    "https://deno.land/std@0.170.0/path/posix.ts": "b859684bc4d80edfd4cad0a82371b50c716330bed51143d6dcdbe59e6278b30c",
    "https://deno.land/std@0.170.0/path/separator.ts": "fe1816cb765a8068afb3e8f13ad272351c85cbc739af56dacfc7d93d710fe0f9",
    "https://deno.land/std@0.170.0/path/win32.ts": "7cebd2bda6657371adc00061a1d23fdd87bcdf64b4843bb148b0b24c11b40f69",
    "https://deno.land/std@0.181.0/collections/filter_keys.ts": "3b99bd98d347f23b8fe8183b108077ae6e467707e80798e768c11eb86fff49c9",
    "https://deno.land/std@0.182.0/_util/asserts.ts": "178dfc49a464aee693a7e285567b3d0b555dc805ff490505a8aae34f9cfb1462",
    "https://deno.land/std@0.182.0/datetime/_common.ts": "f5c1cb784c616151a3d8198a4ab29f65b7fe5c20a105d8979bde9558c7b52910",
    "https://deno.land/std@0.182.0/datetime/format.ts": "2d7a430ca9571e054ac181dcb950faf9ac23445e081dcb230ca37134e6eaad0c",
    "https://deno.land/std@0.182.0/datetime/parse.ts": "b59f583e7fe5ef2105c6dd4a74825670c9f4e1e35462c047c6f0a207b5653aac",
    "https://deno.land/std@0.182.0/flags/mod.ts": "4d829c5bd1d657799cdeb487c6e418960efc6f4d8ce6cadc38a54b9ce266160a",
    "https://deno.land/std@0.182.0/fmt/colors.ts": "d67e3cd9f472535241a8e410d33423980bec45047e343577554d3356e1f0ef4e",
    "https://deno.land/std@0.182.0/fmt/printf.ts": "e5b426cd6ad13df5d408e9c375c025d59de30e380c5534715bd892df874ab057",
    "https://deno.land/std@0.182.0/testing/_diff.ts": "1a3c044aedf77647d6cac86b798c6417603361b66b54c53331b312caeb447aea",
    "https://deno.land/std@0.182.0/testing/_format.ts": "a69126e8a469009adf4cf2a50af889aca364c349797e63174884a52ff75cf4c7",
    "https://deno.land/std@0.182.0/testing/asserts.ts": "e16d98b4d73ffc4ed498d717307a12500ae4f2cbe668f1a215632d19fcffc22f",
    "https://deno.land/x/cliui@v7.0.4-deno/build/lib/index.d.ts": "4f04923352ce24027ad6fe25c85249e0b0cc5c29fe18d62024d004c59d9e41ee",
    "https://deno.land/x/cliui@v7.0.4-deno/build/lib/index.js": "fb6030c7b12602a4fca4d81de3ddafa301ba84fd9df73c53de6f3bdda7b482d5",
    "https://deno.land/x/cliui@v7.0.4-deno/build/lib/string-utils.js": "b3eb9d2e054a43a3064af17332fb1839a7dadb205c5371af4789616afb1a117f",
    "https://deno.land/x/cliui@v7.0.4-deno/deno.ts": "d07bc3338661f8011e3a5fd215061d17a52107a5383c29f40ce0c1ecb8bb8cc3",
    "https://deno.land/x/deno_dom@v0.1.37/build/deno-wasm/deno-wasm.js": "98b1ad24a1c13284557917659402202e5c5258ab1431b3f3a82434ad36ffa05a",
    "https://deno.land/x/deno_dom@v0.1.37/deno-dom-wasm.ts": "bfd999a493a6974e9fca4d331bee03bfb68cfc600c662cd0b48b21d67a2a8ba0",
    "https://deno.land/x/deno_dom@v0.1.37/src/api.ts": "0ff5790f0a3eeecb4e00b7d8fbfa319b165962cf6d0182a65ba90f158d74f7d7",
    "https://deno.land/x/deno_dom@v0.1.37/src/constructor-lock.ts": "59714df7e0571ec7bd338903b1f396202771a6d4d7f55a452936bd0de9deb186",
    "https://deno.land/x/deno_dom@v0.1.37/src/deserialize.ts": "f4d34514ca00473ca428b69ad437ba345925744b5d791cb9552e2d7a0e7b0439",
    "https://deno.land/x/deno_dom@v0.1.37/src/dom/document-fragment.ts": "a40c6e18dd0efcf749a31552c1c9a6f7fa614452245e86ee38fc92ba0235e5ae",
    "https://deno.land/x/deno_dom@v0.1.37/src/dom/document.ts": "b8f4e4ccabaaa063d6562a0f2f8dea9c0419515d63d8bd79bfde95f7cd64bd93",
    "https://deno.land/x/deno_dom@v0.1.37/src/dom/dom-parser.ts": "609097b426f8c2358f3e5d2bca55ed026cf26cdf86562e94130dfdb0f2537f92",
    "https://deno.land/x/deno_dom@v0.1.37/src/dom/element.ts": "77c454e228dfeb5c570da5aa61d91850400116bfa0f5a85505acdd3c667171a4",
    "https://deno.land/x/deno_dom@v0.1.37/src/dom/elements/html-template-element.ts": "dab94e64ecf7c65f72d186be3f07d1f739fc6a2c0e442139a435af8aed47b646",
    "https://deno.land/x/deno_dom@v0.1.37/src/dom/html-collection.ts": "ae90197f5270c32074926ad6cf30ee07d274d44596c7e413c354880cebce8565",
    "https://deno.land/x/deno_dom@v0.1.37/src/dom/node-list.ts": "4c6e4b4585301d4147addaccd90cb5f5a80e8d6290a1ba7058c5e3dfea16e15d",
    "https://deno.land/x/deno_dom@v0.1.37/src/dom/node.ts": "3069e6fc93ac4111a136ed68199d76673339842b9751610ba06f111ba7dc10a7",
    "https://deno.land/x/deno_dom@v0.1.37/src/dom/selectors/custom-api.ts": "852696bd58e534bc41bd3be9e2250b60b67cd95fd28ed16b1deff1d548531a71",
    "https://deno.land/x/deno_dom@v0.1.37/src/dom/selectors/nwsapi-types.ts": "c43b36c36acc5d32caabaa54fda8c9d239b2b0fcbce9a28efb93c84aa1021698",
    "https://deno.land/x/deno_dom@v0.1.37/src/dom/selectors/nwsapi.js": "985d7d8fc1eabbb88946b47a1c44c1b2d4aa79ff23c21424219f1528fa27a2ff",
    "https://deno.land/x/deno_dom@v0.1.37/src/dom/selectors/selectors.ts": "83eab57be2290fb48e3130533448c93c6c61239f2a2f3b85f1917f80ca0fdc75",
    "https://deno.land/x/deno_dom@v0.1.37/src/dom/selectors/sizzle-types.ts": "78149e2502409989ce861ed636b813b059e16bc267bb543e7c2b26ef43e4798b",
    "https://deno.land/x/deno_dom@v0.1.37/src/dom/selectors/sizzle.js": "c3aed60c1045a106d8e546ac2f85cc82e65f62d9af2f8f515210b9212286682a",
    "https://deno.land/x/deno_dom@v0.1.37/src/dom/utils-types.ts": "96db30e3e4a75b194201bb9fa30988215da7f91b380fca6a5143e51ece2a8436",
    "https://deno.land/x/deno_dom@v0.1.37/src/dom/utils.ts": "2e816a54f243d2f7e2e3616d1551b43a46c34f67995a321490aa94e424bb7a20",
    "https://deno.land/x/deno_dom@v0.1.37/src/parser.ts": "b65eb7e673fa7ca611de871de109655f0aa9fa35ddc1de73df1a5fc2baafc332",
    "https://deno.land/x/escalade@v3.0.3/sync.ts": "493bc66563292c5c10c4a75a467a5933f24dad67d74b0f5a87e7b988fe97c104",
    "https://deno.land/x/notranspile_saxes@v6.0.0-deno/saxes.ts": "26a97ff5f36ca89099122180a72ce8adf96aa04984c0f6916d150b1f50bee1a4",
    "https://deno.land/x/notranspile_xmlchars@v2.2.0-deno/xml/1.0/ed5.ts": "a0aa62e43aa80ce1fd4cf211ff7211084d30ee945e00d7d01bc9c74fdbe94efa",
    "https://deno.land/x/notranspile_xmlchars@v2.2.0-deno/xml/1.1/ed2.ts": "ef316e2fdc10274f631c94d3b29773779d8516e58f07530c50a63efeb8ddbfcb",
    "https://deno.land/x/notranspile_xmlchars@v2.2.0-deno/xmlns/1.0/ed3.ts": "436536158941b761e58b2edd5612a9db76ec68e4c55be78e137aee442138f90d",
    "https://deno.land/x/rss@0.5.6/deps.ts": "7e1d455d3c3176f5c662e281c40456f2c81380fd3998bb1f84c5e285db4a5a88",
    "https://deno.land/x/rss@0.5.6/mod.ts": "e3543b4feeadb666a6973fa1d5139d928fb3d6fde8529021b3ac5e47e55681bb",
    "https://deno.land/x/rss@0.5.6/src/deserializer.ts": "897ed3a1ee73775e1aa85e40cfaa7d38966aa52bc801edcf9ce73b621b02ab55",
    "https://deno.land/x/rss@0.5.6/src/mappers/mapper.ts": "34356df91fe3ccbadcb3f0798f8a9f5bb7791d6c74030c03b4ea0e22e29b1bfb",
    "https://deno.land/x/rss@0.5.6/src/mappers/mapper_legacy.ts": "2ee4a0f2e6546c45f916538fe0ca8c0c402318eb05676b12cf991f56310888f7",
    "https://deno.land/x/rss@0.5.6/src/mappers/media_mapper.ts": "d21314dc8d687cc7976c81b94d1e92bcb840f9a3cc59cfeef82a4835d60f6a2f",
    "https://deno.land/x/rss@0.5.6/src/mappers/mod.ts": "c7ea71d61bc4b6f6886f53701c1dffd974fe11d6d9d1f811064baeebf48899dc",
    "https://deno.land/x/rss@0.5.6/src/resolvers/atom_resolver.ts": "41107cc3c57f7b51b5a8c425bb7bf91773e9d8ace01fa6c0f1df8352532d46dd",
    "https://deno.land/x/rss@0.5.6/src/resolvers/dublin_core_resolver.ts": "cdc12e443e3ce7d96b839b7ed6e97d26f0500c4bd1c8051a88871fd9fce3bcd7",
    "https://deno.land/x/rss@0.5.6/src/resolvers/media_rss_resolver.ts": "d40784e616b98d83d4a6f0d7b8e31199096a4172f7fe401c871ad504bc556a3b",
    "https://deno.land/x/rss@0.5.6/src/resolvers/mod.ts": "063f3341070fa0e69cea48a9387a226e0a1c500193d7e75cb25b0a870717c8fa",
    "https://deno.land/x/rss@0.5.6/src/resolvers/rss1_resolver.ts": "76292ebe5ab13aa17408288f62d19bdd78c74b47307e2db7fc0df595305d37a4",
    "https://deno.land/x/rss@0.5.6/src/resolvers/rss2_resolver.ts": "a82b0e9e5ba0f73d4bd924de12b0d02575a2fc56142bea534a83e632bb166b97",
    "https://deno.land/x/rss@0.5.6/src/resolvers/slash_resolver.ts": "ea904b557a18961077bb974cea64629fd46f0cc5964fd8e66eaaeca5f0682ce4",
    "https://deno.land/x/rss@0.5.6/src/resolvers/types/resolver_result.ts": "c0b211a60e799da35911aa8e6a4e882b2282261db00f94288fdc353054bd55b3",
    "https://deno.land/x/rss@0.5.6/src/types/atom.ts": "49726f13bce85e829cbcddff038652a8bc8c55279d8b07194a6b088035168a59",
    "https://deno.land/x/rss@0.5.6/src/types/deserialization_result.ts": "4f1c7a44c8c508fca4ce1558c73626ed2505140d85824208bc6512736f48aef7",
    "https://deno.land/x/rss@0.5.6/src/types/dublin_core.ts": "8b18fc08f705d2e380315213355cdf47114f1a08dcdc55865d14d13023eb87d6",
    "https://deno.land/x/rss@0.5.6/src/types/feed.ts": "b57a6b3a8498021aabe7c265d2b656aa666ca2f24e048975c4ee7b1c1fe699e0",
    "https://deno.land/x/rss@0.5.6/src/types/feed_type.ts": "b2098f23982be344a19f00915437550d1e4002fb653ac9e34455a90119ee4e6c",
    "https://deno.land/x/rss@0.5.6/src/types/fields/atom_fields.ts": "85bf1a4b3e917baa3c94f3fba8283b678d5a10e78a16c42cfa19b2ee0bf210b3",
    "https://deno.land/x/rss@0.5.6/src/types/fields/dublin_core_fields.ts": "fd6b7e5b660a4f99cabb7a62ae91ab48579de340e57c8dd7ad62c992e64c1644",
    "https://deno.land/x/rss@0.5.6/src/types/fields/media_rss_fields.ts": "076b1e23b6ca99002ffb13e5859164acdf45617aea90440acc75fb28f3aa00b4",
    "https://deno.land/x/rss@0.5.6/src/types/fields/mod.ts": "cdcbf786f30577d8e95648f10a6a1a069e6f68ba749e3b753caff94f205ddaaa",
    "https://deno.land/x/rss@0.5.6/src/types/fields/rss1_fields.ts": "04da9ca7d3fe2b59626c6b3bd18bfd41bf1b1531bc33f2d4f420f10da4e84f7e",
    "https://deno.land/x/rss@0.5.6/src/types/fields/rss2_fields.ts": "c5041472e42cdf04e9f6b2e6e2e334b016aff40524c9a4a4f2c3a5875f9508ea",
    "https://deno.land/x/rss@0.5.6/src/types/fields/slash_fields.ts": "11a1cf81744fe3b2bddbcf3a3ce6f86406d250198ef8c41e6fa58dd652e2e466",
    "https://deno.land/x/rss@0.5.6/src/types/internal/internal_atom.ts": "32a68a98bdcf268c60fdf054ed214a5ee35d75a0dbd960ad9449502b333e4107",
    "https://deno.land/x/rss@0.5.6/src/types/internal/internal_dublin_core.ts": "9f3d63a2386335c8bfe03d3ca3aa6e71f437edb2df0c29f1317308f35cdbcfea",
    "https://deno.land/x/rss@0.5.6/src/types/internal/internal_media_rss.ts": "77a85ac367575395497017c7d0982622b20dfd39ebaf1282406d0c5dc37b6e93",
    "https://deno.land/x/rss@0.5.6/src/types/internal/internal_rss1.ts": "844a931f74950bf50415758f236ed9b7df8a9d9996326582365d721378794974",
    "https://deno.land/x/rss@0.5.6/src/types/internal/internal_rss2.ts": "84a63a3dbeddc50e7a61303b083abc351d2287b5ac715eca4f4db8f4b006b504",
    "https://deno.land/x/rss@0.5.6/src/types/internal/mod.ts": "3347809917893b3b7f1730486f1c89002ca0745be43d61443cabb780b70bfc0b",
    "https://deno.land/x/rss@0.5.6/src/types/json_feed.ts": "5d39ff077934ba361b1132dcb75d1d5a397404aef9b3c0aa57ece103d8761982",
    "https://deno.land/x/rss@0.5.6/src/types/media_rss.ts": "eb428330be4b063169503d68c3802543342e301921bf1bb3fbda5094ac16275c",
    "https://deno.land/x/rss@0.5.6/src/types/mod.ts": "c8daacf748276644389dd3c8d9c5e6c964707cc59b719b35aa1a424d453d543c",
    "https://deno.land/x/rss@0.5.6/src/types/rss1.ts": "30335c0ec9c02e5ebb0ffbe5d8341a23b9c261cd85a7a7780bb6f9523fe406f9",
    "https://deno.land/x/rss@0.5.6/src/types/rss2.ts": "e71052107ea616cbd74e2c2e3c2f0c42680a97ec9ce2edfd6f440ab98ff89581",
    "https://deno.land/x/rss@0.5.6/src/types/slash.ts": "9a08968ef416f818de3ab9778650fa0b586f9c8c60369bdbd365ba110c5f6f05",
    "https://deno.land/x/rss@0.5.6/src/types/value_field.ts": "27bf4039789ad4fc2044137de736651d0e416dfd461e8dda9b0800cc735900d3",
    "https://deno.land/x/rss@0.5.6/src/util.ts": "a6611bcea8acf000eb01220092f1bea6c18aaf3ad82578c60563f25f6260c080",
    "https://deno.land/x/rss@0.5.8/deps.ts": "7e1d455d3c3176f5c662e281c40456f2c81380fd3998bb1f84c5e285db4a5a88",
    "https://deno.land/x/rss@0.5.8/mod.ts": "e3543b4feeadb666a6973fa1d5139d928fb3d6fde8529021b3ac5e47e55681bb",
    "https://deno.land/x/rss@0.5.8/src/deserializer.ts": "897ed3a1ee73775e1aa85e40cfaa7d38966aa52bc801edcf9ce73b621b02ab55",
    "https://deno.land/x/rss@0.5.8/src/mappers/mapper.ts": "7eaa96ffeff9730070012c671b7f5187bbcb2af3e2ae0eb0c7949366bd1dc9eb",
    "https://deno.land/x/rss@0.5.8/src/mappers/mapper_legacy.ts": "2ee4a0f2e6546c45f916538fe0ca8c0c402318eb05676b12cf991f56310888f7",
    "https://deno.land/x/rss@0.5.8/src/mappers/media_mapper.ts": "d21314dc8d687cc7976c81b94d1e92bcb840f9a3cc59cfeef82a4835d60f6a2f",
    "https://deno.land/x/rss@0.5.8/src/mappers/mod.ts": "c7ea71d61bc4b6f6886f53701c1dffd974fe11d6d9d1f811064baeebf48899dc",
    "https://deno.land/x/rss@0.5.8/src/resolvers/atom_resolver.ts": "41107cc3c57f7b51b5a8c425bb7bf91773e9d8ace01fa6c0f1df8352532d46dd",
    "https://deno.land/x/rss@0.5.8/src/resolvers/dublin_core_resolver.ts": "cdc12e443e3ce7d96b839b7ed6e97d26f0500c4bd1c8051a88871fd9fce3bcd7",
    "https://deno.land/x/rss@0.5.8/src/resolvers/media_rss_resolver.ts": "d40784e616b98d83d4a6f0d7b8e31199096a4172f7fe401c871ad504bc556a3b",
    "https://deno.land/x/rss@0.5.8/src/resolvers/mod.ts": "063f3341070fa0e69cea48a9387a226e0a1c500193d7e75cb25b0a870717c8fa",
    "https://deno.land/x/rss@0.5.8/src/resolvers/rss1_resolver.ts": "76292ebe5ab13aa17408288f62d19bdd78c74b47307e2db7fc0df595305d37a4",
    "https://deno.land/x/rss@0.5.8/src/resolvers/rss2_resolver.ts": "a82b0e9e5ba0f73d4bd924de12b0d02575a2fc56142bea534a83e632bb166b97",
    "https://deno.land/x/rss@0.5.8/src/resolvers/slash_resolver.ts": "ea904b557a18961077bb974cea64629fd46f0cc5964fd8e66eaaeca5f0682ce4",
    "https://deno.land/x/rss@0.5.8/src/resolvers/types/resolver_result.ts": "c0b211a60e799da35911aa8e6a4e882b2282261db00f94288fdc353054bd55b3",
    "https://deno.land/x/rss@0.5.8/src/types/atom.ts": "49726f13bce85e829cbcddff038652a8bc8c55279d8b07194a6b088035168a59",
    "https://deno.land/x/rss@0.5.8/src/types/deserialization_result.ts": "4f1c7a44c8c508fca4ce1558c73626ed2505140d85824208bc6512736f48aef7",
    "https://deno.land/x/rss@0.5.8/src/types/dublin_core.ts": "8b18fc08f705d2e380315213355cdf47114f1a08dcdc55865d14d13023eb87d6",
    "https://deno.land/x/rss@0.5.8/src/types/feed.ts": "b57a6b3a8498021aabe7c265d2b656aa666ca2f24e048975c4ee7b1c1fe699e0",
    "https://deno.land/x/rss@0.5.8/src/types/feed_type.ts": "b2098f23982be344a19f00915437550d1e4002fb653ac9e34455a90119ee4e6c",
    "https://deno.land/x/rss@0.5.8/src/types/fields/atom_fields.ts": "85bf1a4b3e917baa3c94f3fba8283b678d5a10e78a16c42cfa19b2ee0bf210b3",
    "https://deno.land/x/rss@0.5.8/src/types/fields/dublin_core_fields.ts": "fd6b7e5b660a4f99cabb7a62ae91ab48579de340e57c8dd7ad62c992e64c1644",
    "https://deno.land/x/rss@0.5.8/src/types/fields/media_rss_fields.ts": "076b1e23b6ca99002ffb13e5859164acdf45617aea90440acc75fb28f3aa00b4",
    "https://deno.land/x/rss@0.5.8/src/types/fields/mod.ts": "cdcbf786f30577d8e95648f10a6a1a069e6f68ba749e3b753caff94f205ddaaa",
    "https://deno.land/x/rss@0.5.8/src/types/fields/rss1_fields.ts": "04da9ca7d3fe2b59626c6b3bd18bfd41bf1b1531bc33f2d4f420f10da4e84f7e",
    "https://deno.land/x/rss@0.5.8/src/types/fields/rss2_fields.ts": "c5041472e42cdf04e9f6b2e6e2e334b016aff40524c9a4a4f2c3a5875f9508ea",
    "https://deno.land/x/rss@0.5.8/src/types/fields/slash_fields.ts": "11a1cf81744fe3b2bddbcf3a3ce6f86406d250198ef8c41e6fa58dd652e2e466",
    "https://deno.land/x/rss@0.5.8/src/types/internal/internal_atom.ts": "32a68a98bdcf268c60fdf054ed214a5ee35d75a0dbd960ad9449502b333e4107",
    "https://deno.land/x/rss@0.5.8/src/types/internal/internal_dublin_core.ts": "9f3d63a2386335c8bfe03d3ca3aa6e71f437edb2df0c29f1317308f35cdbcfea",
    "https://deno.land/x/rss@0.5.8/src/types/internal/internal_media_rss.ts": "77a85ac367575395497017c7d0982622b20dfd39ebaf1282406d0c5dc37b6e93",
    "https://deno.land/x/rss@0.5.8/src/types/internal/internal_rss1.ts": "844a931f74950bf50415758f236ed9b7df8a9d9996326582365d721378794974",
    "https://deno.land/x/rss@0.5.8/src/types/internal/internal_rss2.ts": "84a63a3dbeddc50e7a61303b083abc351d2287b5ac715eca4f4db8f4b006b504",
    "https://deno.land/x/rss@0.5.8/src/types/internal/mod.ts": "3347809917893b3b7f1730486f1c89002ca0745be43d61443cabb780b70bfc0b",
    "https://deno.land/x/rss@0.5.8/src/types/json_feed.ts": "5d39ff077934ba361b1132dcb75d1d5a397404aef9b3c0aa57ece103d8761982",
    "https://deno.land/x/rss@0.5.8/src/types/media_rss.ts": "efd2e6c8a7c7cc3fc685d0b88ef2ba406f43bea8b0e0bc22e3e4cbed3caa06a9",
    "https://deno.land/x/rss@0.5.8/src/types/mod.ts": "c8daacf748276644389dd3c8d9c5e6c964707cc59b719b35aa1a424d453d543c",
    "https://deno.land/x/rss@0.5.8/src/types/rss1.ts": "30335c0ec9c02e5ebb0ffbe5d8341a23b9c261cd85a7a7780bb6f9523fe406f9",
    "https://deno.land/x/rss@0.5.8/src/types/rss2.ts": "e71052107ea616cbd74e2c2e3c2f0c42680a97ec9ce2edfd6f440ab98ff89581",
    "https://deno.land/x/rss@0.5.8/src/types/slash.ts": "9a08968ef416f818de3ab9778650fa0b586f9c8c60369bdbd365ba110c5f6f05",
    "https://deno.land/x/rss@0.5.8/src/types/value_field.ts": "27bf4039789ad4fc2044137de736651d0e416dfd461e8dda9b0800cc735900d3",
    "https://deno.land/x/rss@0.5.8/src/util.ts": "a6611bcea8acf000eb01220092f1bea6c18aaf3ad82578c60563f25f6260c080",
    "https://deno.land/x/sax_ts@v1.2.10/src/sax.ts": "3d468d10d13d2690b5910fd12afc3cf52d979c0f144899d5c36da45c0931634e",
    "https://deno.land/x/xml2js@1.0.0/mod.ts": "62add6d5672e3ea523fd4398632742080bff027abe0fae96d74e28edb7b6a328",
    "https://deno.land/x/xml2js@1.0.0/options-helper.ts": "37e04aec6262c01513c885e06bb3e1d2b1e52dce83784b68b099f298c858aefe",
    "https://deno.land/x/xml2js@1.0.0/options.ts": "5919bb07f3edb4f7ba1fa00a67eaa8075d02bfa767a438d46c8d705be30743d5",
    "https://deno.land/x/xml2js@1.0.0/xml2js.ts": "d056e5003f03722e0f48e9c871bc5b04447b74f619aa825a951a34a0509883e1",
    "https://deno.land/x/xml@2.1.0/mod.ts": "4a314a7a28d1ec92f899ce4c6991f0356c77550a75955ec3f4a36733f08548e8",
    "https://deno.land/x/xml@2.1.0/parse.ts": "614b8648345ae93c641368836947484d321c7ac9312ae12ec750434353cd7385",
    "https://deno.land/x/xml@2.1.0/stringify.ts": "930d35431f153b29d36549cff08fcfbe978e52ccb56af1e3baa2e0760f418b04",
    "https://deno.land/x/xml@2.1.0/utils/parser.ts": "d90380a807e083fcad68ee18e63e62b49c2239009c46592ece82dc8df65f4530",
    "https://deno.land/x/xml@2.1.0/utils/stream.ts": "056e2f368d47932d77e431bbc4a8292359171cc9ce881ea31ce0aae30d763e68",
    "https://deno.land/x/xml@2.1.0/utils/streamable.ts": "1603a5f10c859b95d4e9502365a0fba0b19d5d068356e20d5a6813cd37fee780",
    "https://deno.land/x/xml@2.1.0/utils/stringifier.ts": "6c828e8391808c9e5381ff62299984950c903f976f5afc98250f9ee276d08f93",
    "https://deno.land/x/xml@2.1.0/utils/types.ts": "5fc5c558337b8a82016629117e7fa348faec50951c878d14d293843aa5e92e1d",
    "https://deno.land/x/y18n@v5.0.0-deno/build/lib/index.d.ts": "11f40d97041eb271cc1a1c7b296c6e7a068d4843759575e7416f0d14ebf8239c",
    "https://deno.land/x/y18n@v5.0.0-deno/build/lib/index.js": "92c4624714aa508d33c6d21c0b0ffa072369a8b306e5f8c7727662f570bbd026",
    "https://deno.land/x/y18n@v5.0.0-deno/deno.ts": "80997f0709a0b43d29931e2b33946f2bbc32b13fd82f80a5409628455427e28d",
    "https://deno.land/x/y18n@v5.0.0-deno/lib/platform-shims/deno.ts": "8fa2c96ac03734966260cfd2c5bc240e41725c913e5b64a0297aede09f52b39d",
    "https://deno.land/x/yargs@v17.7.1-deno/build/lib/argsert.js": "eb085555452eac3ff300935994a42f35d16e04cf698cb775cb5ad4f5653c0627",
    "https://deno.land/x/yargs@v17.7.1-deno/build/lib/command.js": "6249ffd299e16a1e531ccff13a23aed7b7eef37e20b6e6ab7f254413aece6ca6",
    "https://deno.land/x/yargs@v17.7.1-deno/build/lib/completion-templates.js": "d9bbed244af4394b786f8abce9efbbdc3777a73458ebd7b6bf23b2495ac11027",
    "https://deno.land/x/yargs@v17.7.1-deno/build/lib/completion.js": "89c625bb85d76036c2e40568cde01aa4d6dfec733d0ae27b5f073ac322cc5069",
    "https://deno.land/x/yargs@v17.7.1-deno/build/lib/middleware.js": "6ab9c953a83264739aa50d7fa6b1ab693500336dfd593b9958865e12beb8bdeb",
    "https://deno.land/x/yargs@v17.7.1-deno/build/lib/parse-command.js": "327242c0afae207b7aefa13133439e3b321d7db4229febc5b7bd5285770ac7f7",
    "https://deno.land/x/yargs@v17.7.1-deno/build/lib/typings/common-types.js": "9618b81a86acb88a61fd9988e9bc3ec21c5250d94fc2231ba7d898e71500789d",
    "https://deno.land/x/yargs@v17.7.1-deno/build/lib/usage.js": "31faaa7aa61e5a57a2cac5a269b773aa8b1fcab2db7cac2f8252396f3ccc2f5e",
    "https://deno.land/x/yargs@v17.7.1-deno/build/lib/utils/apply-extends.js": "64640dce92669705abead3bdbe2c46c8318c8623843a55e4726fb3c55ff9dd1d",
    "https://deno.land/x/yargs@v17.7.1-deno/build/lib/utils/is-promise.js": "be45baa3090c5106dd4e442cceef6b357a268783a2ee28ec10fe131a8cd8db72",
    "https://deno.land/x/yargs@v17.7.1-deno/build/lib/utils/levenshtein.js": "d8638efc3376b5f794b1c8df6ef4f3d484b29d919127c7fdc242400e3cfded91",
    "https://deno.land/x/yargs@v17.7.1-deno/build/lib/utils/maybe-async-result.js": "31cf4026279e14c87d16faa14ac758f35c8cc5795d29393c5ce07120f5a3caf6",
    "https://deno.land/x/yargs@v17.7.1-deno/build/lib/utils/obj-filter.js": "5523fb2288d1e86ed48c460e176770b49587554df4ae2405b468c093786b040b",
    "https://deno.land/x/yargs@v17.7.1-deno/build/lib/utils/set-blocking.js": "6fa8ffc3299f456e42902736bae35fbc1f2dc96b3905a02ba9629f5bd9f80af1",
    "https://deno.land/x/yargs@v17.7.1-deno/build/lib/utils/which-module.js": "9267633b2c9f8990b2c699101b641e59ae59932e0dee5270613c0508bfa13c5d",
    "https://deno.land/x/yargs@v17.7.1-deno/build/lib/validation.js": "af040834cb9201d4238bbeb8f673eb2ebaff9611857270524a7c86dfcf2ca51b",
    "https://deno.land/x/yargs@v17.7.1-deno/build/lib/yargs-factory.js": "05326932b431801d7459d5b14b21f73f13ebd74a8a74e9b7b8cec5f99ba14819",
    "https://deno.land/x/yargs@v17.7.1-deno/build/lib/yerror.js": "9729aaa8bce1a0d00c57f470efb2ad76ad2988661bb48f3769e496a3435b4462",
    "https://deno.land/x/yargs@v17.7.1-deno/deno-types.ts": "62f5c61899c6da491890c8c84fd9580cfbfa2a83f5a70f6dc74727bbfb148623",
    "https://deno.land/x/yargs@v17.7.1-deno/deno.ts": "f3df0bfd08ba367ec36dc59ef6cab1a391ace49ad44387ec5fe5d76289af08af",
    "https://deno.land/x/yargs@v17.7.1-deno/lib/platform-shims/deno.ts": "1d3d490a7f3c6f971a44dd92e12a042f988f1b6496df3a9c43ccc69563032dff",
    "https://deno.land/x/yargs_parser@v20.2.4-deno/build/lib/string-utils.js": "12fc056b23703bc370aae5b179dc5abee53fca277abc30eaf76f78d2546d6413",
    "https://deno.land/x/yargs_parser@v20.2.4-deno/build/lib/tokenize-arg-string.js": "7e0875b11795b8e217386e45f14b24a6e501ebbc62e15aa469aa8829d4d0ee61",
    "https://deno.land/x/yargs_parser@v20.2.4-deno/build/lib/yargs-parser-types.d.ts": "434deb76c6632b3b6cbc4c6f153f8aca04e06055ae9c6b24b40218cbc42688d9",
    "https://deno.land/x/yargs_parser@v20.2.4-deno/build/lib/yargs-parser.js": "453200a7dfbb002e605d8009b7dad30f2b1d93665e046ab89c073a4fe63dfd48",
    "https://deno.land/x/yargs_parser@v20.2.4-deno/deno.ts": "ad53c0c82c3982c4fc5be9472384b259e0a32ce1f7ae0f68de7b2445df5642fc"
  }
}
